
Microsoft Visual Studio Solution File, Format Version 12.00
# Visual Studio Version 17
VisualStudioVersion = 17.9.34616.47
MinimumVisualStudioVersion = 10.0.40219.1
Project("{FAE04EC0-301F-11D3-BF4B-00C04F79EFBC}") = "HouseRentingSystem.Web", "HouseRentingSystem2024\HouseRentingSystem.Web.csproj", "{89EDF3A7-9AF5-4714-9F85-B631AF1A0FB2}"
EndProject
Project("{FAE04EC0-301F-11D3-BF4B-00C04F79EFBC}") = "HouseRentingSystem.Common", "HouseRentingSystem.Common\HouseRentingSystem.Common.csproj", "{E0A0600A-7752-45FE-887A-D45480CEC486}"
EndProject
Global
	GlobalSection(SolutionConfigurationPlatforms) = preSolution
		Debug|Any CPU = Debug|Any CPU
		Release|Any CPU = Release|Any CPU
	EndGlobalSection
	GlobalSection(ProjectConfigurationPlatforms) = postSolution
		{89EDF3A7-9AF5-4714-9F85-B631AF1A0FB2}.Debug|Any CPU.ActiveCfg = Debug|Any CPU
		{89EDF3A7-9AF5-4714-9F85-B631AF1A0FB2}.Debug|Any CPU.Build.0 = Debug|Any CPU
		{89EDF3A7-9AF5-4714-9F85-B631AF1A0FB2}.Release|Any CPU.ActiveCfg = Release|Any CPU
		{89EDF3A7-9AF5-4714-9F85-B631AF1A0FB2}.Release|Any CPU.Build.0 = Release|Any CPU
		{E0A0600A-7752-45FE-887A-D45480CEC486}.Debug|Any CPU.ActiveCfg = Debug|Any CPU
		{E0A0600A-7752-45FE-887A-D45480CEC486}.Debug|Any CPU.Build.0 = Debug|Any CPU
		{E0A0600A-7752-45FE-887A-D45480CEC486}.Release|Any CPU.ActiveCfg = Release|Any CPU
		{E0A0600A-7752-45FE-887A-D45480CEC486}.Release|Any CPU.Build.0 = Release|Any CPU
	EndGlobalSection
	GlobalSection(SolutionProperties) = preSolution
		HideSolutionNode = FALSE
	EndGlobalSection
	GlobalSection(ExtensibilityGlobals) = postSolution
		SolutionGuid = {DB99772D-0676-4D6B-8148-32A2CDE660C1}
	EndGlobalSection
EndGlobal
