
Microsoft Visual Studio Solution File, Format Version 12.00
# Visual Studio Version 17
VisualStudioVersion = 17.9.34616.47
MinimumVisualStudioVersion = 10.0.40219.1
Project("{FAE04EC0-301F-11D3-BF4B-00C04F79EFBC}") = "HouseRentingSystem.Web", "HouseRentingSystem2024\HouseRentingSystem.Web.csproj", "{89EDF3A7-9AF5-4714-9F85-B631AF1A0FB2}"
EndProject
Project("{FAE04EC0-301F-11D3-BF4B-00C04F79EFBC}") = "HouseRentingSystem.Common", "HouseRentingSystem.Common\HouseRentingSystem.Common.csproj", "{E0A0600A-7752-45FE-887A-D45480CEC486}"
EndProject
Project("{2150E333-8FDC-42A3-9474-1A3956D46DE8}") = "Web", "Web", "{1063F875-41C3-48EA-8530-6E5A09FBF6D1}"
EndProject
Project("{2150E333-8FDC-42A3-9474-1A3956D46DE8}") = "Data", "Data", "{D0C5897B-BB88-4E39-B5AF-9C91EE4B095F}"
EndProject
Project("{FAE04EC0-301F-11D3-BF4B-00C04F79EFBC}") = "HouseRentingSystem.Data", "HouseRentingSystem.Data\HouseRentingSystem.Data.csproj", "{F51446DB-768E-46E9-9331-9C6C985616AD}"
EndProject
Project("{FAE04EC0-301F-11D3-BF4B-00C04F79EFBC}") = "HouseRentingSystem.Data.Models", "HouseRentingSystem.Data.Models\HouseRentingSystem.Data.Models.csproj", "{5010FD34-1D8C-47BB-B76C-80E1AB687D79}"
EndProject
Project("{FAE04EC0-301F-11D3-BF4B-00C04F79EFBC}") = "HouseRentingSystem.Web.ViewModels", "HouseRentingSystem.Web.Models\HouseRentingSystem.Web.ViewModels.csproj", "{1B87E8CB-8DC8-4456-B561-B88424A20B8C}"
EndProject
Global
	GlobalSection(SolutionConfigurationPlatforms) = preSolution
		Debug|Any CPU = Debug|Any CPU
		Release|Any CPU = Release|Any CPU
	EndGlobalSection
	GlobalSection(ProjectConfigurationPlatforms) = postSolution
		{89EDF3A7-9AF5-4714-9F85-B631AF1A0FB2}.Debug|Any CPU.ActiveCfg = Debug|Any CPU
		{89EDF3A7-9AF5-4714-9F85-B631AF1A0FB2}.Debug|Any CPU.Build.0 = Debug|Any CPU
		{89EDF3A7-9AF5-4714-9F85-B631AF1A0FB2}.Release|Any CPU.ActiveCfg = Release|Any CPU
		{89EDF3A7-9AF5-4714-9F85-B631AF1A0FB2}.Release|Any CPU.Build.0 = Release|Any CPU
		{E0A0600A-7752-45FE-887A-D45480CEC486}.Debug|Any CPU.ActiveCfg = Debug|Any CPU
		{E0A0600A-7752-45FE-887A-D45480CEC486}.Debug|Any CPU.Build.0 = Debug|Any CPU
		{E0A0600A-7752-45FE-887A-D45480CEC486}.Release|Any CPU.ActiveCfg = Release|Any CPU
		{E0A0600A-7752-45FE-887A-D45480CEC486}.Release|Any CPU.Build.0 = Release|Any CPU
		{F51446DB-768E-46E9-9331-9C6C985616AD}.Debug|Any CPU.ActiveCfg = Debug|Any CPU
		{F51446DB-768E-46E9-9331-9C6C985616AD}.Debug|Any CPU.Build.0 = Debug|Any CPU
		{F51446DB-768E-46E9-9331-9C6C985616AD}.Release|Any CPU.ActiveCfg = Release|Any CPU
		{F51446DB-768E-46E9-9331-9C6C985616AD}.Release|Any CPU.Build.0 = Release|Any CPU
		{5010FD34-1D8C-47BB-B76C-80E1AB687D79}.Debug|Any CPU.ActiveCfg = Debug|Any CPU
		{5010FD34-1D8C-47BB-B76C-80E1AB687D79}.Debug|Any CPU.Build.0 = Debug|Any CPU
		{5010FD34-1D8C-47BB-B76C-80E1AB687D79}.Release|Any CPU.ActiveCfg = Release|Any CPU
		{5010FD34-1D8C-47BB-B76C-80E1AB687D79}.Release|Any CPU.Build.0 = Release|Any CPU
		{1B87E8CB-8DC8-4456-B561-B88424A20B8C}.Debug|Any CPU.ActiveCfg = Debug|Any CPU
		{1B87E8CB-8DC8-4456-B561-B88424A20B8C}.Debug|Any CPU.Build.0 = Debug|Any CPU
		{1B87E8CB-8DC8-4456-B561-B88424A20B8C}.Release|Any CPU.ActiveCfg = Release|Any CPU
		{1B87E8CB-8DC8-4456-B561-B88424A20B8C}.Release|Any CPU.Build.0 = Release|Any CPU
	EndGlobalSection
	GlobalSection(SolutionProperties) = preSolution
		HideSolutionNode = FALSE
	EndGlobalSection
	GlobalSection(NestedProjects) = preSolution
		{89EDF3A7-9AF5-4714-9F85-B631AF1A0FB2} = {1063F875-41C3-48EA-8530-6E5A09FBF6D1}
		{F51446DB-768E-46E9-9331-9C6C985616AD} = {D0C5897B-BB88-4E39-B5AF-9C91EE4B095F}
		{5010FD34-1D8C-47BB-B76C-80E1AB687D79} = {D0C5897B-BB88-4E39-B5AF-9C91EE4B095F}
		{1B87E8CB-8DC8-4456-B561-B88424A20B8C} = {1063F875-41C3-48EA-8530-6E5A09FBF6D1}
	EndGlobalSection
	GlobalSection(ExtensibilityGlobals) = postSolution
		SolutionGuid = {DB99772D-0676-4D6B-8148-32A2CDE660C1}
	EndGlobalSection
EndGlobal
